// !$*UTF8*$!
{
	archiveVersion = 1;
	classes = {
	};
	objectVersion = 55;
	objects = {

/* Begin PBXBuildFile section */
		048AF06027FCDE9200BD7F68 /* main.cpp in Sources */ = {isa = PBXBuildFile; fileRef = 041BDB3E27F9EBCA005DAD6B /* main.cpp */; };
		048AF06127FCDE9400BD7F68 /* IntRange.cpp in Sources */ = {isa = PBXBuildFile; fileRef = 041BDB4527F9ED39005DAD6B /* IntRange.cpp */; };
/* End PBXBuildFile section */

/* Begin PBXCopyFilesBuildPhase section */
		041BDB3927F9EBCA005DAD6B /* CopyFiles */ = {
			isa = PBXCopyFilesBuildPhase;
			buildActionMask = 2147483647;
			dstPath = /usr/share/man/man1/;
			dstSubfolderSpec = 0;
			files = (
			);
			runOnlyForDeploymentPostprocessing = 1;
		};
/* End PBXCopyFilesBuildPhase section */

/* Begin PBXFileReference section */
		041BDB3B27F9EBCA005DAD6B /* OOP_PR2.1 */ = {isa = PBXFileReference; explicitFileType = "compiled.mach-o.executable"; includeInIndex = 0; path = OOP_PR2.1; sourceTree = BUILT_PRODUCTS_DIR; };
		041BDB3E27F9EBCA005DAD6B /* main.cpp */ = {isa = PBXFileReference; lastKnownFileType = sourcecode.cpp.cpp; path = main.cpp; sourceTree = "<group>"; };
		041BDB4527F9ED39005DAD6B /* IntRange.cpp */ = {isa = PBXFileReference; lastKnownFileType = sourcecode.cpp.cpp; path = IntRange.cpp; sourceTree = "<group>"; };
		041BDB4627F9ED39005DAD6B /* IntRange.hpp */ = {isa = PBXFileReference; lastKnownFileType = sourcecode.cpp.h; path = IntRange.hpp; sourceTree = "<group>"; };
		041BDB4827F9ED6E005DAD6B /* UnitTest.cpp */ = {isa = PBXFileReference; lastKnownFileType = sourcecode.cpp.cpp; path = UnitTest.cpp; sourceTree = "<group>"; };
		041BDB4A27F9ED9C005DAD6B /* catch.hpp */ = {isa = PBXFileReference; lastKnownFileType = sourcecode.cpp.h; path = catch.hpp; sourceTree = "<group>"; };
/* End PBXFileReference section */

/* Begin PBXFrameworksBuildPhase section */
		041BDB3827F9EBCA005DAD6B /* Frameworks */ = {
			isa = PBXFrameworksBuildPhase;
			buildActionMask = 2147483647;
			files = (
			);
			runOnlyForDeploymentPostprocessing = 0;
		};
/* End PBXFrameworksBuildPhase section */

/* Begin PBXGroup section */
		041BDB3227F9EBCA005DAD6B = {
			isa = PBXGroup;
			children = (
				041BDB3D27F9EBCA005DAD6B /* OOP_PR2.1 */,
				041BDB3C27F9EBCA005DAD6B /* Products */,
			);
			sourceTree = "<group>";
		};
		041BDB3C27F9EBCA005DAD6B /* Products */ = {
			isa = PBXGroup;
			children = (
				041BDB3B27F9EBCA005DAD6B /* OOP_PR2.1 */,
			);
			name = Products;
			sourceTree = "<group>";
		};
		041BDB3D27F9EBCA005DAD6B /* OOP_PR2.1 */ = {
			isa = PBXGroup;
			children = (
				041BDB3E27F9EBCA005DAD6B /* main.cpp */,
				041BDB4527F9ED39005DAD6B /* IntRange.cpp */,
				041BDB4627F9ED39005DAD6B /* IntRange.hpp */,
				041BDB4A27F9ED9C005DAD6B /* catch.hpp */,
				041BDB4827F9ED6E005DAD6B /* UnitTest.cpp */,
			);
			path = OOP_PR2.1;
			sourceTree = "<group>";
		};
/* End PBXGroup section */

/* Begin PBXNativeTarget section */
		041BDB3A27F9EBCA005DAD6B /* OOP_PR2.1 */ = {
			isa = PBXNativeTarget;
			buildConfigurationList = 041BDB4227F9EBCA005DAD6B /* Build configuration list for PBXNativeTarget "OOP_PR2.1" */;
			buildPhases = (
				041BDB3727F9EBCA005DAD6B /* Sources */,
				041BDB3827F9EBCA005DAD6B /* Frameworks */,
				041BDB3927F9EBCA005DAD6B /* CopyFiles */,
			);
			buildRules = (
			);
			dependencies = (
			);
			name = OOP_PR2.1;
			productName = OOP_PR2.1;
			productReference = 041BDB3B27F9EBCA005DAD6B /* OOP_PR2.1 */;
			productType = "com.apple.product-type.tool";
		};
/* End PBXNativeTarget section */

/* Begin PBXProject section */
		041BDB3327F9EBCA005DAD6B /* Project object */ = {
			isa = PBXProject;
			attributes = {
				BuildIndependentTargetsInParallel = 1;
				LastUpgradeCheck = 1320;
				TargetAttributes = {
					041BDB3A27F9EBCA005DAD6B = {
						CreatedOnToolsVersion = 13.2.1;
					};
				};
			};
			buildConfigurationList = 041BDB3627F9EBCA005DAD6B /* Build configuration list for PBXProject "OOP_PR2.1" */;
			compatibilityVersion = "Xcode 13.0";
			developmentRegion = en;
			hasScannedForEncodings = 0;
			knownRegions = (
				en,
				Base,
			);
			mainGroup = 041BDB3227F9EBCA005DAD6B;
			productRefGroup = 041BDB3C27F9EBCA005DAD6B /* Products */;
			projectDirPath = "";
			projectRoot = "";
			targets = (
				041BDB3A27F9EBCA005DAD6B /* OOP_PR2.1 */,
			);
		};
/* End PBXProject section */

/* Begin PBXSourcesBuildPhase section */
		041BDB3727F9EBCA005DAD6B /* Sources */ = {
			isa = PBXSourcesBuildPhase;
			buildActionMask = 2147483647;
			files = (
				048AF06027FCDE9200BD7F68 /* main.cpp in Sources */,
				048AF06127FCDE9400BD7F68 /* IntRange.cpp in Sources */,
			);
			runOnlyForDeploymentPostprocessing = 0;
		};
/* End PBXSourcesBuildPhase section */

/* Begin XCBuildConfiguration section */
		041BDB4027F9EBCA005DAD6B /* Debug */ = {
			isa = XCBuildConfiguration;
			buildSettings = {
				ALWAYS_SEARCH_USER_PATHS = NO;
				CLANG_ANALYZER_NONNULL = YES;
				CLANG_ANALYZER_NUMBER_OBJECT_CONVERSION = YES_AGGRESSIVE;
				CLANG_CXX_LANGUAGE_STANDARD = "gnu++17";
				CLANG_CXX_LIBRARY = "libc++";
				CLANG_ENABLE_MODULES = YES;
				CLANG_ENABLE_OBJC_ARC = YES;
				CLANG_ENABLE_OBJC_WEAK = YES;
				CLANG_WARN_BLOCK_CAPTURE_AUTORELEASING = YES;
				CLANG_WARN_BOOL_CONVERSION = YES;
				CLANG_WARN_COMMA = YES;
				CLANG_WARN_CONSTANT_CONVERSION = YES;
				CLANG_WARN_DEPRECATED_OBJC_IMPLEMENTATIONS = YES;
				CLANG_WARN_DIRECT_OBJC_ISA_USAGE = YES_ERROR;
				CLANG_WARN_DOCUMENTATION_COMMENTS = YES;
				CLANG_WARN_EMPTY_BODY = YES;
				CLANG_WARN_ENUM_CONVERSION = YES;
				CLANG_WARN_INFINITE_RECURSION = YES;
				CLANG_WARN_INT_CONVERSION = YES;
				CLANG_WARN_NON_LITERAL_NULL_CONVERSION = YES;
				CLANG_WARN_OBJC_IMPLICIT_RETAIN_SELF = YES;
				CLANG_WARN_OBJC_LITERAL_CONVERSION = YES;
				CLANG_WARN_OBJC_ROOT_CLASS = YES_ERROR;
				CLANG_WARN_QUOTED_INCLUDE_IN_FRAMEWORK_HEADER = YES;
				CLANG_WARN_RANGE_LOOP_ANALYSIS = YES;
				CLANG_WARN_STRICT_PROTOTYPES = YES;
				CLANG_WARN_SUSPICIOUS_MOVE = YES;
				CLANG_WARN_UNGUARDED_AVAILABILITY = YES_AGGRESSIVE;
				CLANG_WARN_UNREACHABLE_CODE = YES;
				CLANG_WARN__DUPLICATE_METHOD_MATCH = YES;
				COPY_PHASE_STRIP = NO;
				DEBUG_INFORMATION_FORMAT = dwarf;
				ENABLE_STRICT_OBJC_MSGSEND = YES;
				ENABLE_TESTABILITY = YES;
				GCC_C_LANGUAGE_STANDARD = gnu11;
				GCC_DYNAMIC_NO_PIC = NO;
				GCC_NO_COMMON_BLOCKS = YES;
				GCC_OPTIMIZATION_LEVEL = 0;
				GCC_PREPROCESSOR_DEFINITIONS = (
					"DEBUG=1",
					"$(inherited)",
				);
				GCC_WARN_64_TO_32_BIT_CONVERSION = YES;
				GCC_WARN_ABOUT_RETURN_TYPE = YES_ERROR;
				GCC_WARN_UNDECLARED_SELECTOR = YES;
				GCC_WARN_UNINITIALIZED_AUTOS = YES_AGGRESSIVE;
				GCC_WARN_UNUSED_FUNCTION = YES;
				GCC_WARN_UNUSED_VARIABLE = YES;
				MACOSX_DEPLOYMENT_TARGET = 11.6;
				MTL_ENABLE_DEBUG_INFO = INCLUDE_SOURCE;
				MTL_FAST_MATH = YES;
				ONLY_ACTIVE_ARCH = YES;
				SDKROOT = macosx;
			};
			name = Debug;
		};
		041BDB4127F9EBCA005DAD6B /* Release */ = {
			isa = XCBuildConfiguration;
			buildSettings = {
				ALWAYS_SEARCH_USER_PATHS = NO;
				CLANG_ANALYZER_NONNULL = YES;
				CLANG_ANALYZER_NUMBER_OBJECT_CONVERSION = YES_AGGRESSIVE;
				CLANG_CXX_LANGUAGE_STANDARD = "gnu++17";
				CLANG_CXX_LIBRARY = "libc++";
				CLANG_ENABLE_MODULES = YES;
				CLANG_ENABLE_OBJC_ARC = YES;
				CLANG_ENABLE_OBJC_WEAK = YES;
				CLANG_WARN_BLOCK_CAPTURE_AUTORELEASING = YES;
				CLANG_WARN_BOOL_CONVERSION = YES;
				CLANG_WARN_COMMA = YES;
				CLANG_WARN_CONSTANT_CONVERSION = YES;
				CLANG_WARN_DEPRECATED_OBJC_IMPLEMENTATIONS = YES;
				CLANG_WARN_DIRECT_OBJC_ISA_USAGE = YES_ERROR;
				CLANG_WARN_DOCUMENTATION_COMMENTS = YES;
				CLANG_WARN_EMPTY_BODY = YES;
				CLANG_WARN_ENUM_CONVERSION = YES;
				CLANG_WARN_INFINITE_RECURSION = YES;
				CLANG_WARN_INT_CONVERSION = YES;
				CLANG_WARN_NON_LITERAL_NULL_CONVERSION = YES;
				CLANG_WARN_OBJC_IMPLICIT_RETAIN_SELF = YES;
				CLANG_WARN_OBJC_LITERAL_CONVERSION = YES;
				CLANG_WARN_OBJC_ROOT_CLASS = YES_ERROR;
				CLANG_WARN_QUOTED_INCLUDE_IN_FRAMEWORK_HEADER = YES;
				CLANG_WARN_RANGE_LOOP_ANALYSIS = YES;
				CLANG_WARN_STRICT_PROTOTYPES = YES;
				CLANG_WARN_SUSPICIOUS_MOVE = YES;
				CLANG_WARN_UNGUARDED_AVAILABILITY = YES_AGGRESSIVE;
				CLANG_WARN_UNREACHABLE_CODE = YES;
				CLANG_WARN__DUPLICATE_METHOD_MATCH = YES;
				COPY_PHASE_STRIP = NO;
				DEBUG_INFORMATION_FORMAT = "dwarf-with-dsym";
				ENABLE_NS_ASSERTIONS = NO;
				ENABLE_STRICT_OBJC_MSGSEND = YES;
				GCC_C_LANGUAGE_STANDARD = gnu11;
				GCC_NO_COMMON_BLOCKS = YES;
				GCC_WARN_64_TO_32_BIT_CONVERSION = YES;
				GCC_WARN_ABOUT_RETURN_TYPE = YES_ERROR;
				GCC_WARN_UNDECLARED_SELECTOR = YES;
				GCC_WARN_UNINITIALIZED_AUTOS = YES_AGGRESSIVE;
				GCC_WARN_UNUSED_FUNCTION = YES;
				GCC_WARN_UNUSED_VARIABLE = YES;
				MACOSX_DEPLOYMENT_TARGET = 11.6;
				MTL_ENABLE_DEBUG_INFO = NO;
				MTL_FAST_MATH = YES;
				SDKROOT = macosx;
			};
			name = Release;
		};
		041BDB4327F9EBCA005DAD6B /* Debug */ = {
			isa = XCBuildConfiguration;
			buildSettings = {
				CODE_SIGN_STYLE = Automatic;
				DEVELOPMENT_TEAM = Z93DWLULFJ;
				ENABLE_HARDENED_RUNTIME = YES;
				PRODUCT_NAME = "$(TARGET_NAME)";
			};
			name = Debug;
		};
		041BDB4427F9EBCA005DAD6B /* Release */ = {
			isa = XCBuildConfiguration;
			buildSettings = {
				CODE_SIGN_STYLE = Automatic;
				DEVELOPMENT_TEAM = Z93DWLULFJ;
				ENABLE_HARDENED_RUNTIME = YES;
				PRODUCT_NAME = "$(TARGET_NAME)";
			};
			name = Release;
		};
/* End XCBuildConfiguration section */

/* Begin XCConfigurationList section */
		041BDB3627F9EBCA005DAD6B /* Build configuration list for PBXProject "OOP_PR2.1" */ = {
			isa = XCConfigurationList;
			buildConfigurations = (
				041BDB4027F9EBCA005DAD6B /* Debug */,
				041BDB4127F9EBCA005DAD6B /* Release */,
			);
			defaultConfigurationIsVisible = 0;
			defaultConfigurationName = Release;
		};
		041BDB4227F9EBCA005DAD6B /* Build configuration list for PBXNativeTarget "OOP_PR2.1" */ = {
			isa = XCConfigurationList;
			buildConfigurations = (
				041BDB4327F9EBCA005DAD6B /* Debug */,
				041BDB4427F9EBCA005DAD6B /* Release */,
			);
			defaultConfigurationIsVisible = 0;
			defaultConfigurationName = Release;
		};
/* End XCConfigurationList section */
	};
	rootObject = 041BDB3327F9EBCA005DAD6B /* Project object */;
}
